
Microsoft Visual Studio Solution File, Format Version 12.00
# Visual Studio Version 16
VisualStudioVersion = 16.0.30104.148
MinimumVisualStudioVersion = 10.0.40219.1
Project("{FAE04EC0-301F-11D3-BF4B-00C04F79EFBC}") = "TutorialCSharp", "TutorialCSharp.csproj", "{E60C435F-0594-4C56-980C-0906F6D3B470}"
EndProject
Global
	GlobalSection(SolutionConfigurationPlatforms) = preSolution
		Debug|Any CPU = Debug|Any CPU
		Release|Any CPU = Release|Any CPU
	EndGlobalSection
	GlobalSection(ProjectConfigurationPlatforms) = postSolution
		{E60C435F-0594-4C56-980C-0906F6D3B470}.Debug|Any CPU.ActiveCfg = Debug|Any CPU
		{E60C435F-0594-4C56-980C-0906F6D3B470}.Debug|Any CPU.Build.0 = Debug|Any CPU
		{E60C435F-0594-4C56-980C-0906F6D3B470}.Release|Any CPU.ActiveCfg = Release|Any CPU
		{E60C435F-0594-4C56-980C-0906F6D3B470}.Release|Any CPU.Build.0 = Release|Any CPU
	EndGlobalSection
	GlobalSection(SolutionProperties) = preSolution
		HideSolutionNode = FALSE
	EndGlobalSection
	GlobalSection(ExtensibilityGlobals) = postSolution
		SolutionGuid = {F8D14349-F995-43D0-9C64-8134AEADE426}
	EndGlobalSection
EndGlobal
